
Microsoft Visual Studio Solution File, Format Version 12.00
# Visual Studio Version 17
VisualStudioVersion = 17.5.33516.290
MinimumVisualStudioVersion = 10.0.40219.1
Project("{FAE04EC0-301F-11D3-BF4B-00C04F79EFBC}") = "POCDependencyInjection", "POCDependencyInjection\POCDependencyInjection.csproj", "{900327A7-7350-4E45-A63A-76DB27EA01BC}"
EndProject
Global
	GlobalSection(SolutionConfigurationPlatforms) = preSolution
		Debug|Any CPU = Debug|Any CPU
		Release|Any CPU = Release|Any CPU
	EndGlobalSection
	GlobalSection(ProjectConfigurationPlatforms) = postSolution
		{900327A7-7350-4E45-A63A-76DB27EA01BC}.Debug|Any CPU.ActiveCfg = Debug|Any CPU
		{900327A7-7350-4E45-A63A-76DB27EA01BC}.Debug|Any CPU.Build.0 = Debug|Any CPU
		{900327A7-7350-4E45-A63A-76DB27EA01BC}.Release|Any CPU.ActiveCfg = Release|Any CPU
		{900327A7-7350-4E45-A63A-76DB27EA01BC}.Release|Any CPU.Build.0 = Release|Any CPU
	EndGlobalSection
	GlobalSection(SolutionProperties) = preSolution
		HideSolutionNode = FALSE
	EndGlobalSection
	GlobalSection(ExtensibilityGlobals) = postSolution
		SolutionGuid = {BE19455F-684D-4DBA-AD19-2B3593A25D1E}
	EndGlobalSection
EndGlobal
